// !$*UTF8*$!
{
	archiveVersion = 1;
	classes = {
	};
	objectVersion = 46;
	objects = {

/* Begin PBXBuildFile section */
		5962562E19CABD4E007863AD /* AppDelegate.swift in Sources */ = {isa = PBXBuildFile; fileRef = 5962562D19CABD4E007863AD /* AppDelegate.swift */; };
		5962563019CABD4E007863AD /* ViewController.swift in Sources */ = {isa = PBXBuildFile; fileRef = 5962562F19CABD4E007863AD /* ViewController.swift */; };
		5962563319CABD4E007863AD /* Main.storyboard in Resources */ = {isa = PBXBuildFile; fileRef = 5962563119CABD4E007863AD /* Main.storyboard */; };
		5962563519CABD4E007863AD /* Images.xcassets in Resources */ = {isa = PBXBuildFile; fileRef = 5962563419CABD4E007863AD /* Images.xcassets */; };
		5962563819CABD4E007863AD /* LaunchScreen.xib in Resources */ = {isa = PBXBuildFile; fileRef = 5962563619CABD4E007863AD /* LaunchScreen.xib */; };
		5962564419CABD4E007863AD /* AgeOfLaikaTests.swift in Sources */ = {isa = PBXBuildFile; fileRef = 5962564319CABD4E007863AD /* AgeOfLaikaTests.swift */; };
		5962564E19CABDA6007863AD /* AgeOfLaika.jpg in Resources */ = {isa = PBXBuildFile; fileRef = 5962564D19CABDA6007863AD /* AgeOfLaika.jpg */; };
/* End PBXBuildFile section */

/* Begin PBXContainerItemProxy section */
		5962563E19CABD4E007863AD /* PBXContainerItemProxy */ = {
			isa = PBXContainerItemProxy;
			containerPortal = 5962562019CABD4E007863AD /* Project object */;
			proxyType = 1;
			remoteGlobalIDString = 5962562719CABD4E007863AD;
			remoteInfo = AgeOfLaika;
		};
/* End PBXContainerItemProxy section */

/* Begin PBXFileReference section */
		5962562819CABD4E007863AD /* AgeOfLaika.app */ = {isa = PBXFileReference; explicitFileType = wrapper.application; includeInIndex = 0; path = AgeOfLaika.app; sourceTree = BUILT_PRODUCTS_DIR; };
		5962562C19CABD4E007863AD /* Info.plist */ = {isa = PBXFileReference; lastKnownFileType = text.plist.xml; path = Info.plist; sourceTree = "<group>"; };
		5962562D19CABD4E007863AD /* AppDelegate.swift */ = {isa = PBXFileReference; lastKnownFileType = sourcecode.swift; path = AppDelegate.swift; sourceTree = "<group>"; };
		5962562F19CABD4E007863AD /* ViewController.swift */ = {isa = PBXFileReference; lastKnownFileType = sourcecode.swift; path = ViewController.swift; sourceTree = "<group>"; };
		5962563219CABD4E007863AD /* Base */ = {isa = PBXFileReference; lastKnownFileType = file.storyboard; name = Base; path = Base.lproj/Main.storyboard; sourceTree = "<group>"; };
		5962563419CABD4E007863AD /* Images.xcassets */ = {isa = PBXFileReference; lastKnownFileType = folder.assetcatalog; path = Images.xcassets; sourceTree = "<group>"; };
		5962563719CABD4E007863AD /* Base */ = {isa = PBXFileReference; lastKnownFileType = file.xib; name = Base; path = Base.lproj/LaunchScreen.xib; sourceTree = "<group>"; };
		5962563D19CABD4E007863AD /* AgeOfLaikaTests.xctest */ = {isa = PBXFileReference; explicitFileType = wrapper.cfbundle; includeInIndex = 0; path = AgeOfLaikaTests.xctest; sourceTree = BUILT_PRODUCTS_DIR; };
		5962564219CABD4E007863AD /* Info.plist */ = {isa = PBXFileReference; lastKnownFileType = text.plist.xml; path = Info.plist; sourceTree = "<group>"; };
		5962564319CABD4E007863AD /* AgeOfLaikaTests.swift */ = {isa = PBXFileReference; lastKnownFileType = sourcecode.swift; path = AgeOfLaikaTests.swift; sourceTree = "<group>"; };
		5962564D19CABDA6007863AD /* AgeOfLaika.jpg */ = {isa = PBXFileReference; lastKnownFileType = image.jpeg; path = AgeOfLaika.jpg; sourceTree = "<group>"; };
/* End PBXFileReference section */

/* Begin PBXFrameworksBuildPhase section */
		5962562519CABD4E007863AD /* Frameworks */ = {
			isa = PBXFrameworksBuildPhase;
			buildActionMask = 2147483647;
			files = (
			);
			runOnlyForDeploymentPostprocessing = 0;
		};
		5962563A19CABD4E007863AD /* Frameworks */ = {
			isa = PBXFrameworksBuildPhase;
			buildActionMask = 2147483647;
			files = (
			);
			runOnlyForDeploymentPostprocessing = 0;
		};
/* End PBXFrameworksBuildPhase section */

/* Begin PBXGroup section */
		5962561F19CABD4E007863AD = {
			isa = PBXGroup;
			children = (
				5962562A19CABD4E007863AD /* AgeOfLaika */,
				5962564019CABD4E007863AD /* AgeOfLaikaTests */,
				5962562919CABD4E007863AD /* Products */,
			);
			sourceTree = "<group>";
		};
		5962562919CABD4E007863AD /* Products */ = {
			isa = PBXGroup;
			children = (
				5962562819CABD4E007863AD /* AgeOfLaika.app */,
				5962563D19CABD4E007863AD /* AgeOfLaikaTests.xctest */,
			);
			name = Products;
			sourceTree = "<group>";
		};
		5962562A19CABD4E007863AD /* AgeOfLaika */ = {
			isa = PBXGroup;
			children = (
				5962562D19CABD4E007863AD /* AppDelegate.swift */,
				5962562F19CABD4E007863AD /* ViewController.swift */,
				5962563119CABD4E007863AD /* Main.storyboard */,
				5962563419CABD4E007863AD /* Images.xcassets */,
				5962563619CABD4E007863AD /* LaunchScreen.xib */,
				5962562B19CABD4E007863AD /* Supporting Files */,
			);
			path = AgeOfLaika;
			sourceTree = "<group>";
		};
		5962562B19CABD4E007863AD /* Supporting Files */ = {
			isa = PBXGroup;
			children = (
				5962564D19CABDA6007863AD /* AgeOfLaika.jpg */,
				5962562C19CABD4E007863AD /* Info.plist */,
			);
			name = "Supporting Files";
			sourceTree = "<group>";
		};
		5962564019CABD4E007863AD /* AgeOfLaikaTests */ = {
			isa = PBXGroup;
			children = (
				5962564319CABD4E007863AD /* AgeOfLaikaTests.swift */,
				5962564119CABD4E007863AD /* Supporting Files */,
			);
			path = AgeOfLaikaTests;
			sourceTree = "<group>";
		};
		5962564119CABD4E007863AD /* Supporting Files */ = {
			isa = PBXGroup;
			children = (
				5962564219CABD4E007863AD /* Info.plist */,
			);
			name = "Supporting Files";
			sourceTree = "<group>";
		};
/* End PBXGroup section */

/* Begin PBXNativeTarget section */
		5962562719CABD4E007863AD /* AgeOfLaika */ = {
			isa = PBXNativeTarget;
			buildConfigurationList = 5962564719CABD4E007863AD /* Build configuration list for PBXNativeTarget "AgeOfLaika" */;
			buildPhases = (
				5962562419CABD4E007863AD /* Sources */,
				5962562519CABD4E007863AD /* Frameworks */,
				5962562619CABD4E007863AD /* Resources */,
			);
			buildRules = (
			);
			dependencies = (
			);
			name = AgeOfLaika;
			productName = AgeOfLaika;
			productReference = 5962562819CABD4E007863AD /* AgeOfLaika.app */;
			productType = "com.apple.product-type.application";
		};
		5962563C19CABD4E007863AD /* AgeOfLaikaTests */ = {
			isa = PBXNativeTarget;
			buildConfigurationList = 5962564A19CABD4E007863AD /* Build configuration list for PBXNativeTarget "AgeOfLaikaTests" */;
			buildPhases = (
				5962563919CABD4E007863AD /* Sources */,
				5962563A19CABD4E007863AD /* Frameworks */,
				5962563B19CABD4E007863AD /* Resources */,
			);
			buildRules = (
			);
			dependencies = (
				5962563F19CABD4E007863AD /* PBXTargetDependency */,
			);
			name = AgeOfLaikaTests;
			productName = AgeOfLaikaTests;
			productReference = 5962563D19CABD4E007863AD /* AgeOfLaikaTests.xctest */;
			productType = "com.apple.product-type.bundle.unit-test";
		};
/* End PBXNativeTarget section */

/* Begin PBXProject section */
		5962562019CABD4E007863AD /* Project object */ = {
			isa = PBXProject;
			attributes = {
				LastUpgradeCheck = 0600;
				ORGANIZATIONNAME = "Simplified Technologies, LLC.";
				TargetAttributes = {
					5962562719CABD4E007863AD = {
						CreatedOnToolsVersion = 6.0;
					};
					5962563C19CABD4E007863AD = {
						CreatedOnToolsVersion = 6.0;
						TestTargetID = 5962562719CABD4E007863AD;
					};
				};
			};
			buildConfigurationList = 5962562319CABD4E007863AD /* Build configuration list for PBXProject "AgeOfLaika" */;
			compatibilityVersion = "Xcode 3.2";
			developmentRegion = English;
			hasScannedForEncodings = 0;
			knownRegions = (
				en,
				Base,
			);
			mainGroup = 5962561F19CABD4E007863AD;
			productRefGroup = 5962562919CABD4E007863AD /* Products */;
			projectDirPath = "";
			projectRoot = "";
			targets = (
				5962562719CABD4E007863AD /* AgeOfLaika */,
				5962563C19CABD4E007863AD /* AgeOfLaikaTests */,
			);
		};
/* End PBXProject section */

/* Begin PBXResourcesBuildPhase section */
		5962562619CABD4E007863AD /* Resources */ = {
			isa = PBXResourcesBuildPhase;
			buildActionMask = 2147483647;
			files = (
				5962563319CABD4E007863AD /* Main.storyboard in Resources */,
				5962564E19CABDA6007863AD /* AgeOfLaika.jpg in Resources */,
				5962563819CABD4E007863AD /* LaunchScreen.xib in Resources */,
				5962563519CABD4E007863AD /* Images.xcassets in Resources */,
			);
			runOnlyForDeploymentPostprocessing = 0;
		};
		5962563B19CABD4E007863AD /* Resources */ = {
			isa = PBXResourcesBuildPhase;
			buildActionMask = 2147483647;
			files = (
			);
			runOnlyForDeploymentPostprocessing = 0;
		};
/* End PBXResourcesBuildPhase section */

/* Begin PBXSourcesBuildPhase section */
		5962562419CABD4E007863AD /* Sources */ = {
			isa = PBXSourcesBuildPhase;
			buildActionMask = 2147483647;
			files = (
				5962563019CABD4E007863AD /* ViewController.swift in Sources */,
				5962562E19CABD4E007863AD /* AppDelegate.swift in Sources */,
			);
			runOnlyForDeploymentPostprocessing = 0;
		};
		5962563919CABD4E007863AD /* Sources */ = {
			isa = PBXSourcesBuildPhase;
			buildActionMask = 2147483647;
			files = (
				5962564419CABD4E007863AD /* AgeOfLaikaTests.swift in Sources */,
			);
			runOnlyForDeploymentPostprocessing = 0;
		};
/* End PBXSourcesBuildPhase section */

/* Begin PBXTargetDependency section */
		5962563F19CABD4E007863AD /* PBXTargetDependency */ = {
			isa = PBXTargetDependency;
			target = 5962562719CABD4E007863AD /* AgeOfLaika */;
			targetProxy = 5962563E19CABD4E007863AD /* PBXContainerItemProxy */;
		};
/* End PBXTargetDependency section */

/* Begin PBXVariantGroup section */
		5962563119CABD4E007863AD /* Main.storyboard */ = {
			isa = PBXVariantGroup;
			children = (
				5962563219CABD4E007863AD /* Base */,
			);
			name = Main.storyboard;
			sourceTree = "<group>";
		};
		5962563619CABD4E007863AD /* LaunchScreen.xib */ = {
			isa = PBXVariantGroup;
			children = (
				5962563719CABD4E007863AD /* Base */,
			);
			name = LaunchScreen.xib;
			sourceTree = "<group>";
		};
/* End PBXVariantGroup section */

/* Begin XCBuildConfiguration section */
		5962564519CABD4E007863AD /* Debug */ = {
			isa = XCBuildConfiguration;
			buildSettings = {
				ALWAYS_SEARCH_USER_PATHS = NO;
				CLANG_CXX_LANGUAGE_STANDARD = "gnu++0x";
				CLANG_CXX_LIBRARY = "libc++";
				CLANG_ENABLE_MODULES = YES;
				CLANG_ENABLE_OBJC_ARC = YES;
				CLANG_WARN_BOOL_CONVERSION = YES;
				CLANG_WARN_CONSTANT_CONVERSION = YES;
				CLANG_WARN_DIRECT_OBJC_ISA_USAGE = YES_ERROR;
				CLANG_WARN_EMPTY_BODY = YES;
				CLANG_WARN_ENUM_CONVERSION = YES;
				CLANG_WARN_INT_CONVERSION = YES;
				CLANG_WARN_OBJC_ROOT_CLASS = YES_ERROR;
				CLANG_WARN_UNREACHABLE_CODE = YES;
				CLANG_WARN__DUPLICATE_METHOD_MATCH = YES;
				"CODE_SIGN_IDENTITY[sdk=iphoneos*]" = "iPhone Developer";
				COPY_PHASE_STRIP = NO;
				ENABLE_STRICT_OBJC_MSGSEND = YES;
				GCC_C_LANGUAGE_STANDARD = gnu99;
				GCC_DYNAMIC_NO_PIC = NO;
				GCC_OPTIMIZATION_LEVEL = 0;
				GCC_PREPROCESSOR_DEFINITIONS = (
					"DEBUG=1",
					"$(inherited)",
				);
				GCC_SYMBOLS_PRIVATE_EXTERN = NO;
				GCC_WARN_64_TO_32_BIT_CONVERSION = YES;
				GCC_WARN_ABOUT_RETURN_TYPE = YES_ERROR;
				GCC_WARN_UNDECLARED_SELECTOR = YES;
				GCC_WARN_UNINITIALIZED_AUTOS = YES_AGGRESSIVE;
				GCC_WARN_UNUSED_FUNCTION = YES;
				GCC_WARN_UNUSED_VARIABLE = YES;
				IPHONEOS_DEPLOYMENT_TARGET = 8.0;
				MTL_ENABLE_DEBUG_INFO = YES;
				ONLY_ACTIVE_ARCH = YES;
				SDKROOT = iphoneos;
				SWIFT_OPTIMIZATION_LEVEL = "-Onone";
			};
			name = Debug;
		};
		5962564619CABD4E007863AD /* Release */ = {
			isa = XCBuildConfiguration;
			buildSettings = {
				ALWAYS_SEARCH_USER_PATHS = NO;
				CLANG_CXX_LANGUAGE_STANDARD = "gnu++0x";
				CLANG_CXX_LIBRARY = "libc++";
				CLANG_ENABLE_MODULES = YES;
				CLANG_ENABLE_OBJC_ARC = YES;
				CLANG_WARN_BOOL_CONVERSION = YES;
				CLANG_WARN_CONSTANT_CONVERSION = YES;
				CLANG_WARN_DIRECT_OBJC_ISA_USAGE = YES_ERROR;
				CLANG_WARN_EMPTY_BODY = YES;
				CLANG_WARN_ENUM_CONVERSION = YES;
				CLANG_WARN_INT_CONVERSION = YES;
				CLANG_WARN_OBJC_ROOT_CLASS = YES_ERROR;
				CLANG_WARN_UNREACHABLE_CODE = YES;
				CLANG_WARN__DUPLICATE_METHOD_MATCH = YES;
				"CODE_SIGN_IDENTITY[sdk=iphoneos*]" = "iPhone Developer";
				COPY_PHASE_STRIP = YES;
				ENABLE_NS_ASSERTIONS = NO;
				ENABLE_STRICT_OBJC_MSGSEND = YES;
				GCC_C_LANGUAGE_STANDARD = gnu99;
				GCC_WARN_64_TO_32_BIT_CONVERSION = YES;
				GCC_WARN_ABOUT_RETURN_TYPE = YES_ERROR;
				GCC_WARN_UNDECLARED_SELECTOR = YES;
				GCC_WARN_UNINITIALIZED_AUTOS = YES_AGGRESSIVE;
				GCC_WARN_UNUSED_FUNCTION = YES;
				GCC_WARN_UNUSED_VARIABLE = YES;
				IPHONEOS_DEPLOYMENT_TARGET = 8.0;
				MTL_ENABLE_DEBUG_INFO = NO;
				SDKROOT = iphoneos;
				VALIDATE_PRODUCT = YES;
			};
			name = Release;
		};
		5962564819CABD4E007863AD /* Debug */ = {
			isa = XCBuildConfiguration;
			buildSettings = {
				ASSETCATALOG_COMPILER_APPICON_NAME = AppIcon;
				INFOPLIST_FILE = AgeOfLaika/Info.plist;
				LD_RUNPATH_SEARCH_PATHS = "$(inherited) @executable_path/Frameworks";
				PRODUCT_NAME = "$(TARGET_NAME)";
			};
			name = Debug;
		};
		5962564919CABD4E007863AD /* Release */ = {
			isa = XCBuildConfiguration;
			buildSettings = {
				ASSETCATALOG_COMPILER_APPICON_NAME = AppIcon;
				INFOPLIST_FILE = AgeOfLaika/Info.plist;
				LD_RUNPATH_SEARCH_PATHS = "$(inherited) @executable_path/Frameworks";
				PRODUCT_NAME = "$(TARGET_NAME)";
			};
			name = Release;
		};
		5962564B19CABD4E007863AD /* Debug */ = {
			isa = XCBuildConfiguration;
			buildSettings = {
				BUNDLE_LOADER = "$(TEST_HOST)";
				FRAMEWORK_SEARCH_PATHS = (
					"$(SDKROOT)/Developer/Library/Frameworks",
					"$(inherited)",
				);
				GCC_PREPROCESSOR_DEFINITIONS = (
					"DEBUG=1",
					"$(inherited)",
				);
				INFOPLIST_FILE = AgeOfLaikaTests/Info.plist;
				LD_RUNPATH_SEARCH_PATHS = "$(inherited) @executable_path/Frameworks @loader_path/Frameworks";
				PRODUCT_NAME = "$(TARGET_NAME)";
				TEST_HOST = "$(BUILT_PRODUCTS_DIR)/AgeOfLaika.app/AgeOfLaika";
			};
			name = Debug;
		};
		5962564C19CABD4E007863AD /* Release */ = {
			isa = XCBuildConfiguration;
			buildSettings = {
				BUNDLE_LOADER = "$(TEST_HOST)";
				FRAMEWORK_SEARCH_PATHS = (
					"$(SDKROOT)/Developer/Library/Frameworks",
					"$(inherited)",
				);
				INFOPLIST_FILE = AgeOfLaikaTests/Info.plist;
				LD_RUNPATH_SEARCH_PATHS = "$(inherited) @executable_path/Frameworks @loader_path/Frameworks";
				PRODUCT_NAME = "$(TARGET_NAME)";
				TEST_HOST = "$(BUILT_PRODUCTS_DIR)/AgeOfLaika.app/AgeOfLaika";
			};
			name = Release;
		};
/* End XCBuildConfiguration section */

/* Begin XCConfigurationList section */
		5962562319CABD4E007863AD /* Build configuration list for PBXProject "AgeOfLaika" */ = {
			isa = XCConfigurationList;
			buildConfigurations = (
				5962564519CABD4E007863AD /* Debug */,
				5962564619CABD4E007863AD /* Release */,
			);
			defaultConfigurationIsVisible = 0;
			defaultConfigurationName = Release;
		};
		5962564719CABD4E007863AD /* Build configuration list for PBXNativeTarget "AgeOfLaika" */ = {
			isa = XCConfigurationList;
			buildConfigurations = (
				5962564819CABD4E007863AD /* Debug */,
				5962564919CABD4E007863AD /* Release */,
			);
			defaultConfigurationIsVisible = 0;
		};
		5962564A19CABD4E007863AD /* Build configuration list for PBXNativeTarget "AgeOfLaikaTests" */ = {
			isa = XCConfigurationList;
			buildConfigurations = (
				5962564B19CABD4E007863AD /* Debug */,
				5962564C19CABD4E007863AD /* Release */,
			);
			defaultConfigurationIsVisible = 0;
		};
/* End XCConfigurationList section */
	};
	rootObject = 5962562019CABD4E007863AD /* Project object */;
}
