// !$*UTF8*$!
{
	archiveVersion = 1;
	classes = {
	};
	objectVersion = 46;
	objects = {

/* Begin PBXBuildFile section */
		5962560019CAAF1E007863AD /* AppDelegate.swift in Sources */ = {isa = PBXBuildFile; fileRef = 596255FF19CAAF1E007863AD /* AppDelegate.swift */; };
		5962560219CAAF1E007863AD /* ViewController.swift in Sources */ = {isa = PBXBuildFile; fileRef = 5962560119CAAF1E007863AD /* ViewController.swift */; };
		5962560519CAAF1E007863AD /* Main.storyboard in Resources */ = {isa = PBXBuildFile; fileRef = 5962560319CAAF1E007863AD /* Main.storyboard */; };
		5962560719CAAF1E007863AD /* Images.xcassets in Resources */ = {isa = PBXBuildFile; fileRef = 5962560619CAAF1E007863AD /* Images.xcassets */; };
		5962560A19CAAF1E007863AD /* LaunchScreen.xib in Resources */ = {isa = PBXBuildFile; fileRef = 5962560819CAAF1E007863AD /* LaunchScreen.xib */; };
		5962561619CAAF1E007863AD /* ShoeConverterTests.swift in Sources */ = {isa = PBXBuildFile; fileRef = 5962561519CAAF1E007863AD /* ShoeConverterTests.swift */; };
/* End PBXBuildFile section */

/* Begin PBXContainerItemProxy section */
		5962561019CAAF1E007863AD /* PBXContainerItemProxy */ = {
			isa = PBXContainerItemProxy;
			containerPortal = 596255F219CAAF1E007863AD /* Project object */;
			proxyType = 1;
			remoteGlobalIDString = 596255F919CAAF1E007863AD;
			remoteInfo = ShoeConverter;
		};
/* End PBXContainerItemProxy section */

/* Begin PBXFileReference section */
		596255FA19CAAF1E007863AD /* ShoeConverter.app */ = {isa = PBXFileReference; explicitFileType = wrapper.application; includeInIndex = 0; path = ShoeConverter.app; sourceTree = BUILT_PRODUCTS_DIR; };
		596255FE19CAAF1E007863AD /* Info.plist */ = {isa = PBXFileReference; lastKnownFileType = text.plist.xml; path = Info.plist; sourceTree = "<group>"; };
		596255FF19CAAF1E007863AD /* AppDelegate.swift */ = {isa = PBXFileReference; lastKnownFileType = sourcecode.swift; path = AppDelegate.swift; sourceTree = "<group>"; };
		5962560119CAAF1E007863AD /* ViewController.swift */ = {isa = PBXFileReference; lastKnownFileType = sourcecode.swift; path = ViewController.swift; sourceTree = "<group>"; };
		5962560419CAAF1E007863AD /* Base */ = {isa = PBXFileReference; lastKnownFileType = file.storyboard; name = Base; path = Base.lproj/Main.storyboard; sourceTree = "<group>"; };
		5962560619CAAF1E007863AD /* Images.xcassets */ = {isa = PBXFileReference; lastKnownFileType = folder.assetcatalog; path = Images.xcassets; sourceTree = "<group>"; };
		5962560919CAAF1E007863AD /* Base */ = {isa = PBXFileReference; lastKnownFileType = file.xib; name = Base; path = Base.lproj/LaunchScreen.xib; sourceTree = "<group>"; };
		5962560F19CAAF1E007863AD /* ShoeConverterTests.xctest */ = {isa = PBXFileReference; explicitFileType = wrapper.cfbundle; includeInIndex = 0; path = ShoeConverterTests.xctest; sourceTree = BUILT_PRODUCTS_DIR; };
		5962561419CAAF1E007863AD /* Info.plist */ = {isa = PBXFileReference; lastKnownFileType = text.plist.xml; path = Info.plist; sourceTree = "<group>"; };
		5962561519CAAF1E007863AD /* ShoeConverterTests.swift */ = {isa = PBXFileReference; lastKnownFileType = sourcecode.swift; path = ShoeConverterTests.swift; sourceTree = "<group>"; };
/* End PBXFileReference section */

/* Begin PBXFrameworksBuildPhase section */
		596255F719CAAF1E007863AD /* Frameworks */ = {
			isa = PBXFrameworksBuildPhase;
			buildActionMask = 2147483647;
			files = (
			);
			runOnlyForDeploymentPostprocessing = 0;
		};
		5962560C19CAAF1E007863AD /* Frameworks */ = {
			isa = PBXFrameworksBuildPhase;
			buildActionMask = 2147483647;
			files = (
			);
			runOnlyForDeploymentPostprocessing = 0;
		};
/* End PBXFrameworksBuildPhase section */

/* Begin PBXGroup section */
		596255F119CAAF1E007863AD = {
			isa = PBXGroup;
			children = (
				596255FC19CAAF1E007863AD /* ShoeConverter */,
				5962561219CAAF1E007863AD /* ShoeConverterTests */,
				596255FB19CAAF1E007863AD /* Products */,
			);
			sourceTree = "<group>";
		};
		596255FB19CAAF1E007863AD /* Products */ = {
			isa = PBXGroup;
			children = (
				596255FA19CAAF1E007863AD /* ShoeConverter.app */,
				5962560F19CAAF1E007863AD /* ShoeConverterTests.xctest */,
			);
			name = Products;
			sourceTree = "<group>";
		};
		596255FC19CAAF1E007863AD /* ShoeConverter */ = {
			isa = PBXGroup;
			children = (
				596255FF19CAAF1E007863AD /* AppDelegate.swift */,
				5962560119CAAF1E007863AD /* ViewController.swift */,
				5962560319CAAF1E007863AD /* Main.storyboard */,
				5962560619CAAF1E007863AD /* Images.xcassets */,
				5962560819CAAF1E007863AD /* LaunchScreen.xib */,
				596255FD19CAAF1E007863AD /* Supporting Files */,
			);
			path = ShoeConverter;
			sourceTree = "<group>";
		};
		596255FD19CAAF1E007863AD /* Supporting Files */ = {
			isa = PBXGroup;
			children = (
				596255FE19CAAF1E007863AD /* Info.plist */,
			);
			name = "Supporting Files";
			sourceTree = "<group>";
		};
		5962561219CAAF1E007863AD /* ShoeConverterTests */ = {
			isa = PBXGroup;
			children = (
				5962561519CAAF1E007863AD /* ShoeConverterTests.swift */,
				5962561319CAAF1E007863AD /* Supporting Files */,
			);
			path = ShoeConverterTests;
			sourceTree = "<group>";
		};
		5962561319CAAF1E007863AD /* Supporting Files */ = {
			isa = PBXGroup;
			children = (
				5962561419CAAF1E007863AD /* Info.plist */,
			);
			name = "Supporting Files";
			sourceTree = "<group>";
		};
/* End PBXGroup section */

/* Begin PBXNativeTarget section */
		596255F919CAAF1E007863AD /* ShoeConverter */ = {
			isa = PBXNativeTarget;
			buildConfigurationList = 5962561919CAAF1E007863AD /* Build configuration list for PBXNativeTarget "ShoeConverter" */;
			buildPhases = (
				596255F619CAAF1E007863AD /* Sources */,
				596255F719CAAF1E007863AD /* Frameworks */,
				596255F819CAAF1E007863AD /* Resources */,
			);
			buildRules = (
			);
			dependencies = (
			);
			name = ShoeConverter;
			productName = ShoeConverter;
			productReference = 596255FA19CAAF1E007863AD /* ShoeConverter.app */;
			productType = "com.apple.product-type.application";
		};
		5962560E19CAAF1E007863AD /* ShoeConverterTests */ = {
			isa = PBXNativeTarget;
			buildConfigurationList = 5962561C19CAAF1E007863AD /* Build configuration list for PBXNativeTarget "ShoeConverterTests" */;
			buildPhases = (
				5962560B19CAAF1E007863AD /* Sources */,
				5962560C19CAAF1E007863AD /* Frameworks */,
				5962560D19CAAF1E007863AD /* Resources */,
			);
			buildRules = (
			);
			dependencies = (
				5962561119CAAF1E007863AD /* PBXTargetDependency */,
			);
			name = ShoeConverterTests;
			productName = ShoeConverterTests;
			productReference = 5962560F19CAAF1E007863AD /* ShoeConverterTests.xctest */;
			productType = "com.apple.product-type.bundle.unit-test";
		};
/* End PBXNativeTarget section */

/* Begin PBXProject section */
		596255F219CAAF1E007863AD /* Project object */ = {
			isa = PBXProject;
			attributes = {
				LastUpgradeCheck = 0600;
				ORGANIZATIONNAME = "Simplified Technologies, LLC.";
				TargetAttributes = {
					596255F919CAAF1E007863AD = {
						CreatedOnToolsVersion = 6.0;
					};
					5962560E19CAAF1E007863AD = {
						CreatedOnToolsVersion = 6.0;
						TestTargetID = 596255F919CAAF1E007863AD;
					};
				};
			};
			buildConfigurationList = 596255F519CAAF1E007863AD /* Build configuration list for PBXProject "ShoeConverter" */;
			compatibilityVersion = "Xcode 3.2";
			developmentRegion = English;
			hasScannedForEncodings = 0;
			knownRegions = (
				en,
				Base,
			);
			mainGroup = 596255F119CAAF1E007863AD;
			productRefGroup = 596255FB19CAAF1E007863AD /* Products */;
			projectDirPath = "";
			projectRoot = "";
			targets = (
				596255F919CAAF1E007863AD /* ShoeConverter */,
				5962560E19CAAF1E007863AD /* ShoeConverterTests */,
			);
		};
/* End PBXProject section */

/* Begin PBXResourcesBuildPhase section */
		596255F819CAAF1E007863AD /* Resources */ = {
			isa = PBXResourcesBuildPhase;
			buildActionMask = 2147483647;
			files = (
				5962560519CAAF1E007863AD /* Main.storyboard in Resources */,
				5962560A19CAAF1E007863AD /* LaunchScreen.xib in Resources */,
				5962560719CAAF1E007863AD /* Images.xcassets in Resources */,
			);
			runOnlyForDeploymentPostprocessing = 0;
		};
		5962560D19CAAF1E007863AD /* Resources */ = {
			isa = PBXResourcesBuildPhase;
			buildActionMask = 2147483647;
			files = (
			);
			runOnlyForDeploymentPostprocessing = 0;
		};
/* End PBXResourcesBuildPhase section */

/* Begin PBXSourcesBuildPhase section */
		596255F619CAAF1E007863AD /* Sources */ = {
			isa = PBXSourcesBuildPhase;
			buildActionMask = 2147483647;
			files = (
				5962560219CAAF1E007863AD /* ViewController.swift in Sources */,
				5962560019CAAF1E007863AD /* AppDelegate.swift in Sources */,
			);
			runOnlyForDeploymentPostprocessing = 0;
		};
		5962560B19CAAF1E007863AD /* Sources */ = {
			isa = PBXSourcesBuildPhase;
			buildActionMask = 2147483647;
			files = (
				5962561619CAAF1E007863AD /* ShoeConverterTests.swift in Sources */,
			);
			runOnlyForDeploymentPostprocessing = 0;
		};
/* End PBXSourcesBuildPhase section */

/* Begin PBXTargetDependency section */
		5962561119CAAF1E007863AD /* PBXTargetDependency */ = {
			isa = PBXTargetDependency;
			target = 596255F919CAAF1E007863AD /* ShoeConverter */;
			targetProxy = 5962561019CAAF1E007863AD /* PBXContainerItemProxy */;
		};
/* End PBXTargetDependency section */

/* Begin PBXVariantGroup section */
		5962560319CAAF1E007863AD /* Main.storyboard */ = {
			isa = PBXVariantGroup;
			children = (
				5962560419CAAF1E007863AD /* Base */,
			);
			name = Main.storyboard;
			sourceTree = "<group>";
		};
		5962560819CAAF1E007863AD /* LaunchScreen.xib */ = {
			isa = PBXVariantGroup;
			children = (
				5962560919CAAF1E007863AD /* Base */,
			);
			name = LaunchScreen.xib;
			sourceTree = "<group>";
		};
/* End PBXVariantGroup section */

/* Begin XCBuildConfiguration section */
		5962561719CAAF1E007863AD /* Debug */ = {
			isa = XCBuildConfiguration;
			buildSettings = {
				ALWAYS_SEARCH_USER_PATHS = NO;
				CLANG_CXX_LANGUAGE_STANDARD = "gnu++0x";
				CLANG_CXX_LIBRARY = "libc++";
				CLANG_ENABLE_MODULES = YES;
				CLANG_ENABLE_OBJC_ARC = YES;
				CLANG_WARN_BOOL_CONVERSION = YES;
				CLANG_WARN_CONSTANT_CONVERSION = YES;
				CLANG_WARN_DIRECT_OBJC_ISA_USAGE = YES_ERROR;
				CLANG_WARN_EMPTY_BODY = YES;
				CLANG_WARN_ENUM_CONVERSION = YES;
				CLANG_WARN_INT_CONVERSION = YES;
				CLANG_WARN_OBJC_ROOT_CLASS = YES_ERROR;
				CLANG_WARN_UNREACHABLE_CODE = YES;
				CLANG_WARN__DUPLICATE_METHOD_MATCH = YES;
				"CODE_SIGN_IDENTITY[sdk=iphoneos*]" = "iPhone Developer";
				COPY_PHASE_STRIP = NO;
				ENABLE_STRICT_OBJC_MSGSEND = YES;
				GCC_C_LANGUAGE_STANDARD = gnu99;
				GCC_DYNAMIC_NO_PIC = NO;
				GCC_OPTIMIZATION_LEVEL = 0;
				GCC_PREPROCESSOR_DEFINITIONS = (
					"DEBUG=1",
					"$(inherited)",
				);
				GCC_SYMBOLS_PRIVATE_EXTERN = NO;
				GCC_WARN_64_TO_32_BIT_CONVERSION = YES;
				GCC_WARN_ABOUT_RETURN_TYPE = YES_ERROR;
				GCC_WARN_UNDECLARED_SELECTOR = YES;
				GCC_WARN_UNINITIALIZED_AUTOS = YES_AGGRESSIVE;
				GCC_WARN_UNUSED_FUNCTION = YES;
				GCC_WARN_UNUSED_VARIABLE = YES;
				IPHONEOS_DEPLOYMENT_TARGET = 8.0;
				MTL_ENABLE_DEBUG_INFO = YES;
				ONLY_ACTIVE_ARCH = YES;
				SDKROOT = iphoneos;
				SWIFT_OPTIMIZATION_LEVEL = "-Onone";
			};
			name = Debug;
		};
		5962561819CAAF1E007863AD /* Release */ = {
			isa = XCBuildConfiguration;
			buildSettings = {
				ALWAYS_SEARCH_USER_PATHS = NO;
				CLANG_CXX_LANGUAGE_STANDARD = "gnu++0x";
				CLANG_CXX_LIBRARY = "libc++";
				CLANG_ENABLE_MODULES = YES;
				CLANG_ENABLE_OBJC_ARC = YES;
				CLANG_WARN_BOOL_CONVERSION = YES;
				CLANG_WARN_CONSTANT_CONVERSION = YES;
				CLANG_WARN_DIRECT_OBJC_ISA_USAGE = YES_ERROR;
				CLANG_WARN_EMPTY_BODY = YES;
				CLANG_WARN_ENUM_CONVERSION = YES;
				CLANG_WARN_INT_CONVERSION = YES;
				CLANG_WARN_OBJC_ROOT_CLASS = YES_ERROR;
				CLANG_WARN_UNREACHABLE_CODE = YES;
				CLANG_WARN__DUPLICATE_METHOD_MATCH = YES;
				"CODE_SIGN_IDENTITY[sdk=iphoneos*]" = "iPhone Developer";
				COPY_PHASE_STRIP = YES;
				ENABLE_NS_ASSERTIONS = NO;
				ENABLE_STRICT_OBJC_MSGSEND = YES;
				GCC_C_LANGUAGE_STANDARD = gnu99;
				GCC_WARN_64_TO_32_BIT_CONVERSION = YES;
				GCC_WARN_ABOUT_RETURN_TYPE = YES_ERROR;
				GCC_WARN_UNDECLARED_SELECTOR = YES;
				GCC_WARN_UNINITIALIZED_AUTOS = YES_AGGRESSIVE;
				GCC_WARN_UNUSED_FUNCTION = YES;
				GCC_WARN_UNUSED_VARIABLE = YES;
				IPHONEOS_DEPLOYMENT_TARGET = 8.0;
				MTL_ENABLE_DEBUG_INFO = NO;
				SDKROOT = iphoneos;
				VALIDATE_PRODUCT = YES;
			};
			name = Release;
		};
		5962561A19CAAF1E007863AD /* Debug */ = {
			isa = XCBuildConfiguration;
			buildSettings = {
				ASSETCATALOG_COMPILER_APPICON_NAME = AppIcon;
				INFOPLIST_FILE = ShoeConverter/Info.plist;
				LD_RUNPATH_SEARCH_PATHS = "$(inherited) @executable_path/Frameworks";
				PRODUCT_NAME = "$(TARGET_NAME)";
			};
			name = Debug;
		};
		5962561B19CAAF1E007863AD /* Release */ = {
			isa = XCBuildConfiguration;
			buildSettings = {
				ASSETCATALOG_COMPILER_APPICON_NAME = AppIcon;
				INFOPLIST_FILE = ShoeConverter/Info.plist;
				LD_RUNPATH_SEARCH_PATHS = "$(inherited) @executable_path/Frameworks";
				PRODUCT_NAME = "$(TARGET_NAME)";
			};
			name = Release;
		};
		5962561D19CAAF1E007863AD /* Debug */ = {
			isa = XCBuildConfiguration;
			buildSettings = {
				BUNDLE_LOADER = "$(TEST_HOST)";
				FRAMEWORK_SEARCH_PATHS = (
					"$(SDKROOT)/Developer/Library/Frameworks",
					"$(inherited)",
				);
				GCC_PREPROCESSOR_DEFINITIONS = (
					"DEBUG=1",
					"$(inherited)",
				);
				INFOPLIST_FILE = ShoeConverterTests/Info.plist;
				LD_RUNPATH_SEARCH_PATHS = "$(inherited) @executable_path/Frameworks @loader_path/Frameworks";
				PRODUCT_NAME = "$(TARGET_NAME)";
				TEST_HOST = "$(BUILT_PRODUCTS_DIR)/ShoeConverter.app/ShoeConverter";
			};
			name = Debug;
		};
		5962561E19CAAF1E007863AD /* Release */ = {
			isa = XCBuildConfiguration;
			buildSettings = {
				BUNDLE_LOADER = "$(TEST_HOST)";
				FRAMEWORK_SEARCH_PATHS = (
					"$(SDKROOT)/Developer/Library/Frameworks",
					"$(inherited)",
				);
				INFOPLIST_FILE = ShoeConverterTests/Info.plist;
				LD_RUNPATH_SEARCH_PATHS = "$(inherited) @executable_path/Frameworks @loader_path/Frameworks";
				PRODUCT_NAME = "$(TARGET_NAME)";
				TEST_HOST = "$(BUILT_PRODUCTS_DIR)/ShoeConverter.app/ShoeConverter";
			};
			name = Release;
		};
/* End XCBuildConfiguration section */

/* Begin XCConfigurationList section */
		596255F519CAAF1E007863AD /* Build configuration list for PBXProject "ShoeConverter" */ = {
			isa = XCConfigurationList;
			buildConfigurations = (
				5962561719CAAF1E007863AD /* Debug */,
				5962561819CAAF1E007863AD /* Release */,
			);
			defaultConfigurationIsVisible = 0;
			defaultConfigurationName = Release;
		};
		5962561919CAAF1E007863AD /* Build configuration list for PBXNativeTarget "ShoeConverter" */ = {
			isa = XCConfigurationList;
			buildConfigurations = (
				5962561A19CAAF1E007863AD /* Debug */,
				5962561B19CAAF1E007863AD /* Release */,
			);
			defaultConfigurationIsVisible = 0;
		};
		5962561C19CAAF1E007863AD /* Build configuration list for PBXNativeTarget "ShoeConverterTests" */ = {
			isa = XCConfigurationList;
			buildConfigurations = (
				5962561D19CAAF1E007863AD /* Debug */,
				5962561E19CAAF1E007863AD /* Release */,
			);
			defaultConfigurationIsVisible = 0;
		};
/* End XCConfigurationList section */
	};
	rootObject = 596255F219CAAF1E007863AD /* Project object */;
}
