// !$*UTF8*$!
{
	archiveVersion = 1;
	classes = {
	};
	objectVersion = 46;
	objects = {

/* Begin PBXBuildFile section */
		590675AF19D2B7B300986011 /* AppDelegate.swift in Sources */ = {isa = PBXBuildFile; fileRef = 590675AE19D2B7B300986011 /* AppDelegate.swift */; };
		590675B119D2B7B300986011 /* ViewController.swift in Sources */ = {isa = PBXBuildFile; fileRef = 590675B019D2B7B300986011 /* ViewController.swift */; };
		590675B419D2B7B300986011 /* Main.storyboard in Resources */ = {isa = PBXBuildFile; fileRef = 590675B219D2B7B300986011 /* Main.storyboard */; };
		590675B619D2B7B300986011 /* Images.xcassets in Resources */ = {isa = PBXBuildFile; fileRef = 590675B519D2B7B300986011 /* Images.xcassets */; };
		590675B919D2B7B300986011 /* LaunchScreen.xib in Resources */ = {isa = PBXBuildFile; fileRef = 590675B719D2B7B300986011 /* LaunchScreen.xib */; };
		590675C519D2B7B300986011 /* SlotMachineTests.swift in Sources */ = {isa = PBXBuildFile; fileRef = 590675C419D2B7B300986011 /* SlotMachineTests.swift */; };
		590675CF19D408A600986011 /* Slot.swift in Sources */ = {isa = PBXBuildFile; fileRef = 590675CE19D408A600986011 /* Slot.swift */; };
		5906760619D40AD600986011 /* Factory.swift in Sources */ = {isa = PBXBuildFile; fileRef = 5906760519D40AD600986011 /* Factory.swift */; };
		59A5709A19D7557200E4E444 /* SlotBrain.swift in Sources */ = {isa = PBXBuildFile; fileRef = 59A5709919D7557200E4E444 /* SlotBrain.swift */; };
/* End PBXBuildFile section */

/* Begin PBXContainerItemProxy section */
		590675BF19D2B7B300986011 /* PBXContainerItemProxy */ = {
			isa = PBXContainerItemProxy;
			containerPortal = 590675A119D2B7B300986011 /* Project object */;
			proxyType = 1;
			remoteGlobalIDString = 590675A819D2B7B300986011;
			remoteInfo = SlotMachine;
		};
/* End PBXContainerItemProxy section */

/* Begin PBXFileReference section */
		590675A919D2B7B300986011 /* SlotMachine.app */ = {isa = PBXFileReference; explicitFileType = wrapper.application; includeInIndex = 0; path = SlotMachine.app; sourceTree = BUILT_PRODUCTS_DIR; };
		590675AD19D2B7B300986011 /* Info.plist */ = {isa = PBXFileReference; lastKnownFileType = text.plist.xml; path = Info.plist; sourceTree = "<group>"; };
		590675AE19D2B7B300986011 /* AppDelegate.swift */ = {isa = PBXFileReference; lastKnownFileType = sourcecode.swift; path = AppDelegate.swift; sourceTree = "<group>"; };
		590675B019D2B7B300986011 /* ViewController.swift */ = {isa = PBXFileReference; lastKnownFileType = sourcecode.swift; path = ViewController.swift; sourceTree = "<group>"; };
		590675B319D2B7B300986011 /* Base */ = {isa = PBXFileReference; lastKnownFileType = file.storyboard; name = Base; path = Base.lproj/Main.storyboard; sourceTree = "<group>"; };
		590675B519D2B7B300986011 /* Images.xcassets */ = {isa = PBXFileReference; lastKnownFileType = folder.assetcatalog; path = Images.xcassets; sourceTree = "<group>"; };
		590675B819D2B7B300986011 /* Base */ = {isa = PBXFileReference; lastKnownFileType = file.xib; name = Base; path = Base.lproj/LaunchScreen.xib; sourceTree = "<group>"; };
		590675BE19D2B7B300986011 /* SlotMachineTests.xctest */ = {isa = PBXFileReference; explicitFileType = wrapper.cfbundle; includeInIndex = 0; path = SlotMachineTests.xctest; sourceTree = BUILT_PRODUCTS_DIR; };
		590675C319D2B7B300986011 /* Info.plist */ = {isa = PBXFileReference; lastKnownFileType = text.plist.xml; path = Info.plist; sourceTree = "<group>"; };
		590675C419D2B7B300986011 /* SlotMachineTests.swift */ = {isa = PBXFileReference; lastKnownFileType = sourcecode.swift; path = SlotMachineTests.swift; sourceTree = "<group>"; };
		590675CE19D408A600986011 /* Slot.swift */ = {isa = PBXFileReference; fileEncoding = 4; lastKnownFileType = sourcecode.swift; path = Slot.swift; sourceTree = "<group>"; };
		5906760519D40AD600986011 /* Factory.swift */ = {isa = PBXFileReference; fileEncoding = 4; lastKnownFileType = sourcecode.swift; path = Factory.swift; sourceTree = "<group>"; };
		59A5709919D7557200E4E444 /* SlotBrain.swift */ = {isa = PBXFileReference; fileEncoding = 4; lastKnownFileType = sourcecode.swift; path = SlotBrain.swift; sourceTree = "<group>"; };
/* End PBXFileReference section */

/* Begin PBXFrameworksBuildPhase section */
		590675A619D2B7B300986011 /* Frameworks */ = {
			isa = PBXFrameworksBuildPhase;
			buildActionMask = 2147483647;
			files = (
			);
			runOnlyForDeploymentPostprocessing = 0;
		};
		590675BB19D2B7B300986011 /* Frameworks */ = {
			isa = PBXFrameworksBuildPhase;
			buildActionMask = 2147483647;
			files = (
			);
			runOnlyForDeploymentPostprocessing = 0;
		};
/* End PBXFrameworksBuildPhase section */

/* Begin PBXGroup section */
		590675A019D2B7B300986011 = {
			isa = PBXGroup;
			children = (
				590675AB19D2B7B300986011 /* SlotMachine */,
				590675C119D2B7B300986011 /* SlotMachineTests */,
				590675AA19D2B7B300986011 /* Products */,
			);
			sourceTree = "<group>";
		};
		590675AA19D2B7B300986011 /* Products */ = {
			isa = PBXGroup;
			children = (
				590675A919D2B7B300986011 /* SlotMachine.app */,
				590675BE19D2B7B300986011 /* SlotMachineTests.xctest */,
			);
			name = Products;
			sourceTree = "<group>";
		};
		590675AB19D2B7B300986011 /* SlotMachine */ = {
			isa = PBXGroup;
			children = (
				590675AE19D2B7B300986011 /* AppDelegate.swift */,
				590675B019D2B7B300986011 /* ViewController.swift */,
				59A5709919D7557200E4E444 /* SlotBrain.swift */,
				590675B219D2B7B300986011 /* Main.storyboard */,
				590675B519D2B7B300986011 /* Images.xcassets */,
				590675B719D2B7B300986011 /* LaunchScreen.xib */,
				590675AC19D2B7B300986011 /* Supporting Files */,
				590675CE19D408A600986011 /* Slot.swift */,
				5906760519D40AD600986011 /* Factory.swift */,
			);
			path = SlotMachine;
			sourceTree = "<group>";
		};
		590675AC19D2B7B300986011 /* Supporting Files */ = {
			isa = PBXGroup;
			children = (
				590675AD19D2B7B300986011 /* Info.plist */,
			);
			name = "Supporting Files";
			sourceTree = "<group>";
		};
		590675C119D2B7B300986011 /* SlotMachineTests */ = {
			isa = PBXGroup;
			children = (
				590675C419D2B7B300986011 /* SlotMachineTests.swift */,
				590675C219D2B7B300986011 /* Supporting Files */,
			);
			path = SlotMachineTests;
			sourceTree = "<group>";
		};
		590675C219D2B7B300986011 /* Supporting Files */ = {
			isa = PBXGroup;
			children = (
				590675C319D2B7B300986011 /* Info.plist */,
			);
			name = "Supporting Files";
			sourceTree = "<group>";
		};
/* End PBXGroup section */

/* Begin PBXNativeTarget section */
		590675A819D2B7B300986011 /* SlotMachine */ = {
			isa = PBXNativeTarget;
			buildConfigurationList = 590675C819D2B7B300986011 /* Build configuration list for PBXNativeTarget "SlotMachine" */;
			buildPhases = (
				590675A519D2B7B300986011 /* Sources */,
				590675A619D2B7B300986011 /* Frameworks */,
				590675A719D2B7B300986011 /* Resources */,
			);
			buildRules = (
			);
			dependencies = (
			);
			name = SlotMachine;
			productName = SlotMachine;
			productReference = 590675A919D2B7B300986011 /* SlotMachine.app */;
			productType = "com.apple.product-type.application";
		};
		590675BD19D2B7B300986011 /* SlotMachineTests */ = {
			isa = PBXNativeTarget;
			buildConfigurationList = 590675CB19D2B7B300986011 /* Build configuration list for PBXNativeTarget "SlotMachineTests" */;
			buildPhases = (
				590675BA19D2B7B300986011 /* Sources */,
				590675BB19D2B7B300986011 /* Frameworks */,
				590675BC19D2B7B300986011 /* Resources */,
			);
			buildRules = (
			);
			dependencies = (
				590675C019D2B7B300986011 /* PBXTargetDependency */,
			);
			name = SlotMachineTests;
			productName = SlotMachineTests;
			productReference = 590675BE19D2B7B300986011 /* SlotMachineTests.xctest */;
			productType = "com.apple.product-type.bundle.unit-test";
		};
/* End PBXNativeTarget section */

/* Begin PBXProject section */
		590675A119D2B7B300986011 /* Project object */ = {
			isa = PBXProject;
			attributes = {
				LastUpgradeCheck = 0600;
				ORGANIZATIONNAME = "Simplified Technologies, LLC.";
				TargetAttributes = {
					590675A819D2B7B300986011 = {
						CreatedOnToolsVersion = 6.0.1;
					};
					590675BD19D2B7B300986011 = {
						CreatedOnToolsVersion = 6.0.1;
						TestTargetID = 590675A819D2B7B300986011;
					};
				};
			};
			buildConfigurationList = 590675A419D2B7B300986011 /* Build configuration list for PBXProject "SlotMachine" */;
			compatibilityVersion = "Xcode 3.2";
			developmentRegion = English;
			hasScannedForEncodings = 0;
			knownRegions = (
				en,
				Base,
			);
			mainGroup = 590675A019D2B7B300986011;
			productRefGroup = 590675AA19D2B7B300986011 /* Products */;
			projectDirPath = "";
			projectRoot = "";
			targets = (
				590675A819D2B7B300986011 /* SlotMachine */,
				590675BD19D2B7B300986011 /* SlotMachineTests */,
			);
		};
/* End PBXProject section */

/* Begin PBXResourcesBuildPhase section */
		590675A719D2B7B300986011 /* Resources */ = {
			isa = PBXResourcesBuildPhase;
			buildActionMask = 2147483647;
			files = (
				590675B419D2B7B300986011 /* Main.storyboard in Resources */,
				590675B919D2B7B300986011 /* LaunchScreen.xib in Resources */,
				590675B619D2B7B300986011 /* Images.xcassets in Resources */,
			);
			runOnlyForDeploymentPostprocessing = 0;
		};
		590675BC19D2B7B300986011 /* Resources */ = {
			isa = PBXResourcesBuildPhase;
			buildActionMask = 2147483647;
			files = (
			);
			runOnlyForDeploymentPostprocessing = 0;
		};
/* End PBXResourcesBuildPhase section */

/* Begin PBXSourcesBuildPhase section */
		590675A519D2B7B300986011 /* Sources */ = {
			isa = PBXSourcesBuildPhase;
			buildActionMask = 2147483647;
			files = (
				5906760619D40AD600986011 /* Factory.swift in Sources */,
				590675B119D2B7B300986011 /* ViewController.swift in Sources */,
				590675CF19D408A600986011 /* Slot.swift in Sources */,
				590675AF19D2B7B300986011 /* AppDelegate.swift in Sources */,
				59A5709A19D7557200E4E444 /* SlotBrain.swift in Sources */,
			);
			runOnlyForDeploymentPostprocessing = 0;
		};
		590675BA19D2B7B300986011 /* Sources */ = {
			isa = PBXSourcesBuildPhase;
			buildActionMask = 2147483647;
			files = (
				590675C519D2B7B300986011 /* SlotMachineTests.swift in Sources */,
			);
			runOnlyForDeploymentPostprocessing = 0;
		};
/* End PBXSourcesBuildPhase section */

/* Begin PBXTargetDependency section */
		590675C019D2B7B300986011 /* PBXTargetDependency */ = {
			isa = PBXTargetDependency;
			target = 590675A819D2B7B300986011 /* SlotMachine */;
			targetProxy = 590675BF19D2B7B300986011 /* PBXContainerItemProxy */;
		};
/* End PBXTargetDependency section */

/* Begin PBXVariantGroup section */
		590675B219D2B7B300986011 /* Main.storyboard */ = {
			isa = PBXVariantGroup;
			children = (
				590675B319D2B7B300986011 /* Base */,
			);
			name = Main.storyboard;
			sourceTree = "<group>";
		};
		590675B719D2B7B300986011 /* LaunchScreen.xib */ = {
			isa = PBXVariantGroup;
			children = (
				590675B819D2B7B300986011 /* Base */,
			);
			name = LaunchScreen.xib;
			sourceTree = "<group>";
		};
/* End PBXVariantGroup section */

/* Begin XCBuildConfiguration section */
		590675C619D2B7B300986011 /* Debug */ = {
			isa = XCBuildConfiguration;
			buildSettings = {
				ALWAYS_SEARCH_USER_PATHS = NO;
				CLANG_CXX_LANGUAGE_STANDARD = "gnu++0x";
				CLANG_CXX_LIBRARY = "libc++";
				CLANG_ENABLE_MODULES = YES;
				CLANG_ENABLE_OBJC_ARC = YES;
				CLANG_WARN_BOOL_CONVERSION = YES;
				CLANG_WARN_CONSTANT_CONVERSION = YES;
				CLANG_WARN_DIRECT_OBJC_ISA_USAGE = YES_ERROR;
				CLANG_WARN_EMPTY_BODY = YES;
				CLANG_WARN_ENUM_CONVERSION = YES;
				CLANG_WARN_INT_CONVERSION = YES;
				CLANG_WARN_OBJC_ROOT_CLASS = YES_ERROR;
				CLANG_WARN_UNREACHABLE_CODE = YES;
				CLANG_WARN__DUPLICATE_METHOD_MATCH = YES;
				"CODE_SIGN_IDENTITY[sdk=iphoneos*]" = "iPhone Developer";
				COPY_PHASE_STRIP = NO;
				ENABLE_STRICT_OBJC_MSGSEND = YES;
				GCC_C_LANGUAGE_STANDARD = gnu99;
				GCC_DYNAMIC_NO_PIC = NO;
				GCC_OPTIMIZATION_LEVEL = 0;
				GCC_PREPROCESSOR_DEFINITIONS = (
					"DEBUG=1",
					"$(inherited)",
				);
				GCC_SYMBOLS_PRIVATE_EXTERN = NO;
				GCC_WARN_64_TO_32_BIT_CONVERSION = YES;
				GCC_WARN_ABOUT_RETURN_TYPE = YES_ERROR;
				GCC_WARN_UNDECLARED_SELECTOR = YES;
				GCC_WARN_UNINITIALIZED_AUTOS = YES_AGGRESSIVE;
				GCC_WARN_UNUSED_FUNCTION = YES;
				GCC_WARN_UNUSED_VARIABLE = YES;
				IPHONEOS_DEPLOYMENT_TARGET = 8.0;
				MTL_ENABLE_DEBUG_INFO = YES;
				ONLY_ACTIVE_ARCH = YES;
				SDKROOT = iphoneos;
				SWIFT_OPTIMIZATION_LEVEL = "-Onone";
				TARGETED_DEVICE_FAMILY = "1,2";
			};
			name = Debug;
		};
		590675C719D2B7B300986011 /* Release */ = {
			isa = XCBuildConfiguration;
			buildSettings = {
				ALWAYS_SEARCH_USER_PATHS = NO;
				CLANG_CXX_LANGUAGE_STANDARD = "gnu++0x";
				CLANG_CXX_LIBRARY = "libc++";
				CLANG_ENABLE_MODULES = YES;
				CLANG_ENABLE_OBJC_ARC = YES;
				CLANG_WARN_BOOL_CONVERSION = YES;
				CLANG_WARN_CONSTANT_CONVERSION = YES;
				CLANG_WARN_DIRECT_OBJC_ISA_USAGE = YES_ERROR;
				CLANG_WARN_EMPTY_BODY = YES;
				CLANG_WARN_ENUM_CONVERSION = YES;
				CLANG_WARN_INT_CONVERSION = YES;
				CLANG_WARN_OBJC_ROOT_CLASS = YES_ERROR;
				CLANG_WARN_UNREACHABLE_CODE = YES;
				CLANG_WARN__DUPLICATE_METHOD_MATCH = YES;
				"CODE_SIGN_IDENTITY[sdk=iphoneos*]" = "iPhone Developer";
				COPY_PHASE_STRIP = YES;
				ENABLE_NS_ASSERTIONS = NO;
				ENABLE_STRICT_OBJC_MSGSEND = YES;
				GCC_C_LANGUAGE_STANDARD = gnu99;
				GCC_WARN_64_TO_32_BIT_CONVERSION = YES;
				GCC_WARN_ABOUT_RETURN_TYPE = YES_ERROR;
				GCC_WARN_UNDECLARED_SELECTOR = YES;
				GCC_WARN_UNINITIALIZED_AUTOS = YES_AGGRESSIVE;
				GCC_WARN_UNUSED_FUNCTION = YES;
				GCC_WARN_UNUSED_VARIABLE = YES;
				IPHONEOS_DEPLOYMENT_TARGET = 8.0;
				MTL_ENABLE_DEBUG_INFO = NO;
				SDKROOT = iphoneos;
				TARGETED_DEVICE_FAMILY = "1,2";
				VALIDATE_PRODUCT = YES;
			};
			name = Release;
		};
		590675C919D2B7B300986011 /* Debug */ = {
			isa = XCBuildConfiguration;
			buildSettings = {
				ASSETCATALOG_COMPILER_APPICON_NAME = AppIcon;
				INFOPLIST_FILE = SlotMachine/Info.plist;
				LD_RUNPATH_SEARCH_PATHS = "$(inherited) @executable_path/Frameworks";
				PRODUCT_NAME = "$(TARGET_NAME)";
			};
			name = Debug;
		};
		590675CA19D2B7B300986011 /* Release */ = {
			isa = XCBuildConfiguration;
			buildSettings = {
				ASSETCATALOG_COMPILER_APPICON_NAME = AppIcon;
				INFOPLIST_FILE = SlotMachine/Info.plist;
				LD_RUNPATH_SEARCH_PATHS = "$(inherited) @executable_path/Frameworks";
				PRODUCT_NAME = "$(TARGET_NAME)";
			};
			name = Release;
		};
		590675CC19D2B7B300986011 /* Debug */ = {
			isa = XCBuildConfiguration;
			buildSettings = {
				BUNDLE_LOADER = "$(TEST_HOST)";
				FRAMEWORK_SEARCH_PATHS = (
					"$(SDKROOT)/Developer/Library/Frameworks",
					"$(inherited)",
				);
				GCC_PREPROCESSOR_DEFINITIONS = (
					"DEBUG=1",
					"$(inherited)",
				);
				INFOPLIST_FILE = SlotMachineTests/Info.plist;
				LD_RUNPATH_SEARCH_PATHS = "$(inherited) @executable_path/Frameworks @loader_path/Frameworks";
				PRODUCT_NAME = "$(TARGET_NAME)";
				TEST_HOST = "$(BUILT_PRODUCTS_DIR)/SlotMachine.app/SlotMachine";
			};
			name = Debug;
		};
		590675CD19D2B7B300986011 /* Release */ = {
			isa = XCBuildConfiguration;
			buildSettings = {
				BUNDLE_LOADER = "$(TEST_HOST)";
				FRAMEWORK_SEARCH_PATHS = (
					"$(SDKROOT)/Developer/Library/Frameworks",
					"$(inherited)",
				);
				INFOPLIST_FILE = SlotMachineTests/Info.plist;
				LD_RUNPATH_SEARCH_PATHS = "$(inherited) @executable_path/Frameworks @loader_path/Frameworks";
				PRODUCT_NAME = "$(TARGET_NAME)";
				TEST_HOST = "$(BUILT_PRODUCTS_DIR)/SlotMachine.app/SlotMachine";
			};
			name = Release;
		};
/* End XCBuildConfiguration section */

/* Begin XCConfigurationList section */
		590675A419D2B7B300986011 /* Build configuration list for PBXProject "SlotMachine" */ = {
			isa = XCConfigurationList;
			buildConfigurations = (
				590675C619D2B7B300986011 /* Debug */,
				590675C719D2B7B300986011 /* Release */,
			);
			defaultConfigurationIsVisible = 0;
			defaultConfigurationName = Release;
		};
		590675C819D2B7B300986011 /* Build configuration list for PBXNativeTarget "SlotMachine" */ = {
			isa = XCConfigurationList;
			buildConfigurations = (
				590675C919D2B7B300986011 /* Debug */,
				590675CA19D2B7B300986011 /* Release */,
			);
			defaultConfigurationIsVisible = 0;
			defaultConfigurationName = Release;
		};
		590675CB19D2B7B300986011 /* Build configuration list for PBXNativeTarget "SlotMachineTests" */ = {
			isa = XCConfigurationList;
			buildConfigurations = (
				590675CC19D2B7B300986011 /* Debug */,
				590675CD19D2B7B300986011 /* Release */,
			);
			defaultConfigurationIsVisible = 0;
			defaultConfigurationName = Release;
		};
/* End XCConfigurationList section */
	};
	rootObject = 590675A119D2B7B300986011 /* Project object */;
}
