// !$*UTF8*$!
{
	archiveVersion = 1;
	classes = {
	};
	objectVersion = 46;
	objects = {

/* Begin PBXBuildFile section */
		59F23E8219CFDB25000A1DEC /* AppDelegate.swift in Sources */ = {isa = PBXBuildFile; fileRef = 59F23E8119CFDB25000A1DEC /* AppDelegate.swift */; };
		59F23E8419CFDB25000A1DEC /* ViewController.swift in Sources */ = {isa = PBXBuildFile; fileRef = 59F23E8319CFDB25000A1DEC /* ViewController.swift */; };
		59F23E8719CFDB25000A1DEC /* Main.storyboard in Resources */ = {isa = PBXBuildFile; fileRef = 59F23E8519CFDB25000A1DEC /* Main.storyboard */; };
		59F23E8919CFDB25000A1DEC /* Images.xcassets in Resources */ = {isa = PBXBuildFile; fileRef = 59F23E8819CFDB25000A1DEC /* Images.xcassets */; };
		59F23E8C19CFDB25000A1DEC /* LaunchScreen.xib in Resources */ = {isa = PBXBuildFile; fileRef = 59F23E8A19CFDB25000A1DEC /* LaunchScreen.xib */; };
		59F23E9819CFDB25000A1DEC /* _9BalloonsTests.swift in Sources */ = {isa = PBXBuildFile; fileRef = 59F23E9719CFDB25000A1DEC /* _9BalloonsTests.swift */; };
		59F23EA319CFE482000A1DEC /* Ballongs.swift in Sources */ = {isa = PBXBuildFile; fileRef = 59F23EA219CFE482000A1DEC /* Ballongs.swift */; };
		59F23EAA19CFE5BC000A1DEC /* BerlinTVTower.jpg in Resources */ = {isa = PBXBuildFile; fileRef = 59F23EA519CFE5BC000A1DEC /* BerlinTVTower.jpg */; };
		59F23EAB19CFE5BC000A1DEC /* RedBalloon1.jpg in Resources */ = {isa = PBXBuildFile; fileRef = 59F23EA619CFE5BC000A1DEC /* RedBalloon1.jpg */; };
		59F23EAC19CFE5BC000A1DEC /* RedBalloon2.jpg in Resources */ = {isa = PBXBuildFile; fileRef = 59F23EA719CFE5BC000A1DEC /* RedBalloon2.jpg */; };
		59F23EAD19CFE5BC000A1DEC /* RedBalloon3.jpg in Resources */ = {isa = PBXBuildFile; fileRef = 59F23EA819CFE5BC000A1DEC /* RedBalloon3.jpg */; };
		59F23EAE19CFE5BC000A1DEC /* RedBalloon4.jpg in Resources */ = {isa = PBXBuildFile; fileRef = 59F23EA919CFE5BC000A1DEC /* RedBalloon4.jpg */; };
		59F23EB019D01624000A1DEC /* Lion.swift in Sources */ = {isa = PBXBuildFile; fileRef = 59F23EAF19D01624000A1DEC /* Lion.swift */; };
/* End PBXBuildFile section */

/* Begin PBXContainerItemProxy section */
		59F23E9219CFDB25000A1DEC /* PBXContainerItemProxy */ = {
			isa = PBXContainerItemProxy;
			containerPortal = 59F23E7419CFDB25000A1DEC /* Project object */;
			proxyType = 1;
			remoteGlobalIDString = 59F23E7B19CFDB25000A1DEC;
			remoteInfo = 99Balloons;
		};
/* End PBXContainerItemProxy section */

/* Begin PBXFileReference section */
		59F23E7C19CFDB25000A1DEC /* 99Balloons.app */ = {isa = PBXFileReference; explicitFileType = wrapper.application; includeInIndex = 0; path = 99Balloons.app; sourceTree = BUILT_PRODUCTS_DIR; };
		59F23E8019CFDB25000A1DEC /* Info.plist */ = {isa = PBXFileReference; lastKnownFileType = text.plist.xml; path = Info.plist; sourceTree = "<group>"; };
		59F23E8119CFDB25000A1DEC /* AppDelegate.swift */ = {isa = PBXFileReference; lastKnownFileType = sourcecode.swift; path = AppDelegate.swift; sourceTree = "<group>"; };
		59F23E8319CFDB25000A1DEC /* ViewController.swift */ = {isa = PBXFileReference; lastKnownFileType = sourcecode.swift; path = ViewController.swift; sourceTree = "<group>"; };
		59F23E8619CFDB25000A1DEC /* Base */ = {isa = PBXFileReference; lastKnownFileType = file.storyboard; name = Base; path = Base.lproj/Main.storyboard; sourceTree = "<group>"; };
		59F23E8819CFDB25000A1DEC /* Images.xcassets */ = {isa = PBXFileReference; lastKnownFileType = folder.assetcatalog; path = Images.xcassets; sourceTree = "<group>"; };
		59F23E8B19CFDB25000A1DEC /* Base */ = {isa = PBXFileReference; lastKnownFileType = file.xib; name = Base; path = Base.lproj/LaunchScreen.xib; sourceTree = "<group>"; };
		59F23E9119CFDB25000A1DEC /* 99BalloonsTests.xctest */ = {isa = PBXFileReference; explicitFileType = wrapper.cfbundle; includeInIndex = 0; path = 99BalloonsTests.xctest; sourceTree = BUILT_PRODUCTS_DIR; };
		59F23E9619CFDB25000A1DEC /* Info.plist */ = {isa = PBXFileReference; lastKnownFileType = text.plist.xml; path = Info.plist; sourceTree = "<group>"; };
		59F23E9719CFDB25000A1DEC /* _9BalloonsTests.swift */ = {isa = PBXFileReference; lastKnownFileType = sourcecode.swift; path = _9BalloonsTests.swift; sourceTree = "<group>"; };
		59F23EA219CFE482000A1DEC /* Ballongs.swift */ = {isa = PBXFileReference; fileEncoding = 4; lastKnownFileType = sourcecode.swift; path = Ballongs.swift; sourceTree = "<group>"; };
		59F23EA519CFE5BC000A1DEC /* BerlinTVTower.jpg */ = {isa = PBXFileReference; lastKnownFileType = image.jpeg; path = BerlinTVTower.jpg; sourceTree = "<group>"; };
		59F23EA619CFE5BC000A1DEC /* RedBalloon1.jpg */ = {isa = PBXFileReference; lastKnownFileType = image.jpeg; path = RedBalloon1.jpg; sourceTree = "<group>"; };
		59F23EA719CFE5BC000A1DEC /* RedBalloon2.jpg */ = {isa = PBXFileReference; lastKnownFileType = image.jpeg; path = RedBalloon2.jpg; sourceTree = "<group>"; };
		59F23EA819CFE5BC000A1DEC /* RedBalloon3.jpg */ = {isa = PBXFileReference; lastKnownFileType = image.jpeg; path = RedBalloon3.jpg; sourceTree = "<group>"; };
		59F23EA919CFE5BC000A1DEC /* RedBalloon4.jpg */ = {isa = PBXFileReference; lastKnownFileType = image.jpeg; path = RedBalloon4.jpg; sourceTree = "<group>"; };
		59F23EAF19D01624000A1DEC /* Lion.swift */ = {isa = PBXFileReference; fileEncoding = 4; lastKnownFileType = sourcecode.swift; name = Lion.swift; path = ../Lion.swift; sourceTree = "<group>"; };
/* End PBXFileReference section */

/* Begin PBXFrameworksBuildPhase section */
		59F23E7919CFDB25000A1DEC /* Frameworks */ = {
			isa = PBXFrameworksBuildPhase;
			buildActionMask = 2147483647;
			files = (
			);
			runOnlyForDeploymentPostprocessing = 0;
		};
		59F23E8E19CFDB25000A1DEC /* Frameworks */ = {
			isa = PBXFrameworksBuildPhase;
			buildActionMask = 2147483647;
			files = (
			);
			runOnlyForDeploymentPostprocessing = 0;
		};
/* End PBXFrameworksBuildPhase section */

/* Begin PBXGroup section */
		59F23E7319CFDB25000A1DEC = {
			isa = PBXGroup;
			children = (
				59F23E7E19CFDB25000A1DEC /* 99Balloons */,
				59F23E9419CFDB25000A1DEC /* 99BalloonsTests */,
				59F23E7D19CFDB25000A1DEC /* Products */,
			);
			sourceTree = "<group>";
		};
		59F23E7D19CFDB25000A1DEC /* Products */ = {
			isa = PBXGroup;
			children = (
				59F23E7C19CFDB25000A1DEC /* 99Balloons.app */,
				59F23E9119CFDB25000A1DEC /* 99BalloonsTests.xctest */,
			);
			name = Products;
			sourceTree = "<group>";
		};
		59F23E7E19CFDB25000A1DEC /* 99Balloons */ = {
			isa = PBXGroup;
			children = (
				59F23EA119CFE46E000A1DEC /* models */,
				59F23E8119CFDB25000A1DEC /* AppDelegate.swift */,
				59F23E8319CFDB25000A1DEC /* ViewController.swift */,
				59F23E8519CFDB25000A1DEC /* Main.storyboard */,
				59F23E8819CFDB25000A1DEC /* Images.xcassets */,
				59F23E8A19CFDB25000A1DEC /* LaunchScreen.xib */,
				59F23E7F19CFDB25000A1DEC /* Supporting Files */,
			);
			path = 99Balloons;
			sourceTree = "<group>";
		};
		59F23E7F19CFDB25000A1DEC /* Supporting Files */ = {
			isa = PBXGroup;
			children = (
				59F23EA419CFE5BC000A1DEC /* 99RedBalloonsAssets */,
				59F23E8019CFDB25000A1DEC /* Info.plist */,
			);
			name = "Supporting Files";
			sourceTree = "<group>";
		};
		59F23E9419CFDB25000A1DEC /* 99BalloonsTests */ = {
			isa = PBXGroup;
			children = (
				59F23E9719CFDB25000A1DEC /* _9BalloonsTests.swift */,
				59F23E9519CFDB25000A1DEC /* Supporting Files */,
			);
			path = 99BalloonsTests;
			sourceTree = "<group>";
		};
		59F23E9519CFDB25000A1DEC /* Supporting Files */ = {
			isa = PBXGroup;
			children = (
				59F23E9619CFDB25000A1DEC /* Info.plist */,
			);
			name = "Supporting Files";
			sourceTree = "<group>";
		};
		59F23EA119CFE46E000A1DEC /* models */ = {
			isa = PBXGroup;
			children = (
				59F23EA219CFE482000A1DEC /* Ballongs.swift */,
				59F23EAF19D01624000A1DEC /* Lion.swift */,
			);
			name = models;
			sourceTree = "<group>";
		};
		59F23EA419CFE5BC000A1DEC /* 99RedBalloonsAssets */ = {
			isa = PBXGroup;
			children = (
				59F23EA519CFE5BC000A1DEC /* BerlinTVTower.jpg */,
				59F23EA619CFE5BC000A1DEC /* RedBalloon1.jpg */,
				59F23EA719CFE5BC000A1DEC /* RedBalloon2.jpg */,
				59F23EA819CFE5BC000A1DEC /* RedBalloon3.jpg */,
				59F23EA919CFE5BC000A1DEC /* RedBalloon4.jpg */,
			);
			path = 99RedBalloonsAssets;
			sourceTree = "<group>";
		};
/* End PBXGroup section */

/* Begin PBXNativeTarget section */
		59F23E7B19CFDB25000A1DEC /* 99Balloons */ = {
			isa = PBXNativeTarget;
			buildConfigurationList = 59F23E9B19CFDB25000A1DEC /* Build configuration list for PBXNativeTarget "99Balloons" */;
			buildPhases = (
				59F23E7819CFDB25000A1DEC /* Sources */,
				59F23E7919CFDB25000A1DEC /* Frameworks */,
				59F23E7A19CFDB25000A1DEC /* Resources */,
			);
			buildRules = (
			);
			dependencies = (
			);
			name = 99Balloons;
			productName = 99Balloons;
			productReference = 59F23E7C19CFDB25000A1DEC /* 99Balloons.app */;
			productType = "com.apple.product-type.application";
		};
		59F23E9019CFDB25000A1DEC /* 99BalloonsTests */ = {
			isa = PBXNativeTarget;
			buildConfigurationList = 59F23E9E19CFDB25000A1DEC /* Build configuration list for PBXNativeTarget "99BalloonsTests" */;
			buildPhases = (
				59F23E8D19CFDB25000A1DEC /* Sources */,
				59F23E8E19CFDB25000A1DEC /* Frameworks */,
				59F23E8F19CFDB25000A1DEC /* Resources */,
			);
			buildRules = (
			);
			dependencies = (
				59F23E9319CFDB25000A1DEC /* PBXTargetDependency */,
			);
			name = 99BalloonsTests;
			productName = 99BalloonsTests;
			productReference = 59F23E9119CFDB25000A1DEC /* 99BalloonsTests.xctest */;
			productType = "com.apple.product-type.bundle.unit-test";
		};
/* End PBXNativeTarget section */

/* Begin PBXProject section */
		59F23E7419CFDB25000A1DEC /* Project object */ = {
			isa = PBXProject;
			attributes = {
				LastUpgradeCheck = 0600;
				ORGANIZATIONNAME = "Simplified Technologies, LLC.";
				TargetAttributes = {
					59F23E7B19CFDB25000A1DEC = {
						CreatedOnToolsVersion = 6.0.1;
					};
					59F23E9019CFDB25000A1DEC = {
						CreatedOnToolsVersion = 6.0.1;
						TestTargetID = 59F23E7B19CFDB25000A1DEC;
					};
				};
			};
			buildConfigurationList = 59F23E7719CFDB25000A1DEC /* Build configuration list for PBXProject "99Balloons" */;
			compatibilityVersion = "Xcode 3.2";
			developmentRegion = English;
			hasScannedForEncodings = 0;
			knownRegions = (
				en,
				Base,
			);
			mainGroup = 59F23E7319CFDB25000A1DEC;
			productRefGroup = 59F23E7D19CFDB25000A1DEC /* Products */;
			projectDirPath = "";
			projectRoot = "";
			targets = (
				59F23E7B19CFDB25000A1DEC /* 99Balloons */,
				59F23E9019CFDB25000A1DEC /* 99BalloonsTests */,
			);
		};
/* End PBXProject section */

/* Begin PBXResourcesBuildPhase section */
		59F23E7A19CFDB25000A1DEC /* Resources */ = {
			isa = PBXResourcesBuildPhase;
			buildActionMask = 2147483647;
			files = (
				59F23EAC19CFE5BC000A1DEC /* RedBalloon2.jpg in Resources */,
				59F23E8719CFDB25000A1DEC /* Main.storyboard in Resources */,
				59F23EAD19CFE5BC000A1DEC /* RedBalloon3.jpg in Resources */,
				59F23E8C19CFDB25000A1DEC /* LaunchScreen.xib in Resources */,
				59F23EAE19CFE5BC000A1DEC /* RedBalloon4.jpg in Resources */,
				59F23E8919CFDB25000A1DEC /* Images.xcassets in Resources */,
				59F23EAB19CFE5BC000A1DEC /* RedBalloon1.jpg in Resources */,
				59F23EAA19CFE5BC000A1DEC /* BerlinTVTower.jpg in Resources */,
			);
			runOnlyForDeploymentPostprocessing = 0;
		};
		59F23E8F19CFDB25000A1DEC /* Resources */ = {
			isa = PBXResourcesBuildPhase;
			buildActionMask = 2147483647;
			files = (
			);
			runOnlyForDeploymentPostprocessing = 0;
		};
/* End PBXResourcesBuildPhase section */

/* Begin PBXSourcesBuildPhase section */
		59F23E7819CFDB25000A1DEC /* Sources */ = {
			isa = PBXSourcesBuildPhase;
			buildActionMask = 2147483647;
			files = (
				59F23E8419CFDB25000A1DEC /* ViewController.swift in Sources */,
				59F23EA319CFE482000A1DEC /* Ballongs.swift in Sources */,
				59F23E8219CFDB25000A1DEC /* AppDelegate.swift in Sources */,
				59F23EB019D01624000A1DEC /* Lion.swift in Sources */,
			);
			runOnlyForDeploymentPostprocessing = 0;
		};
		59F23E8D19CFDB25000A1DEC /* Sources */ = {
			isa = PBXSourcesBuildPhase;
			buildActionMask = 2147483647;
			files = (
				59F23E9819CFDB25000A1DEC /* _9BalloonsTests.swift in Sources */,
			);
			runOnlyForDeploymentPostprocessing = 0;
		};
/* End PBXSourcesBuildPhase section */

/* Begin PBXTargetDependency section */
		59F23E9319CFDB25000A1DEC /* PBXTargetDependency */ = {
			isa = PBXTargetDependency;
			target = 59F23E7B19CFDB25000A1DEC /* 99Balloons */;
			targetProxy = 59F23E9219CFDB25000A1DEC /* PBXContainerItemProxy */;
		};
/* End PBXTargetDependency section */

/* Begin PBXVariantGroup section */
		59F23E8519CFDB25000A1DEC /* Main.storyboard */ = {
			isa = PBXVariantGroup;
			children = (
				59F23E8619CFDB25000A1DEC /* Base */,
			);
			name = Main.storyboard;
			sourceTree = "<group>";
		};
		59F23E8A19CFDB25000A1DEC /* LaunchScreen.xib */ = {
			isa = PBXVariantGroup;
			children = (
				59F23E8B19CFDB25000A1DEC /* Base */,
			);
			name = LaunchScreen.xib;
			sourceTree = "<group>";
		};
/* End PBXVariantGroup section */

/* Begin XCBuildConfiguration section */
		59F23E9919CFDB25000A1DEC /* Debug */ = {
			isa = XCBuildConfiguration;
			buildSettings = {
				ALWAYS_SEARCH_USER_PATHS = NO;
				CLANG_CXX_LANGUAGE_STANDARD = "gnu++0x";
				CLANG_CXX_LIBRARY = "libc++";
				CLANG_ENABLE_MODULES = YES;
				CLANG_ENABLE_OBJC_ARC = YES;
				CLANG_WARN_BOOL_CONVERSION = YES;
				CLANG_WARN_CONSTANT_CONVERSION = YES;
				CLANG_WARN_DIRECT_OBJC_ISA_USAGE = YES_ERROR;
				CLANG_WARN_EMPTY_BODY = YES;
				CLANG_WARN_ENUM_CONVERSION = YES;
				CLANG_WARN_INT_CONVERSION = YES;
				CLANG_WARN_OBJC_ROOT_CLASS = YES_ERROR;
				CLANG_WARN_UNREACHABLE_CODE = YES;
				CLANG_WARN__DUPLICATE_METHOD_MATCH = YES;
				"CODE_SIGN_IDENTITY[sdk=iphoneos*]" = "iPhone Developer";
				COPY_PHASE_STRIP = NO;
				ENABLE_STRICT_OBJC_MSGSEND = YES;
				GCC_C_LANGUAGE_STANDARD = gnu99;
				GCC_DYNAMIC_NO_PIC = NO;
				GCC_OPTIMIZATION_LEVEL = 0;
				GCC_PREPROCESSOR_DEFINITIONS = (
					"DEBUG=1",
					"$(inherited)",
				);
				GCC_SYMBOLS_PRIVATE_EXTERN = NO;
				GCC_WARN_64_TO_32_BIT_CONVERSION = YES;
				GCC_WARN_ABOUT_RETURN_TYPE = YES_ERROR;
				GCC_WARN_UNDECLARED_SELECTOR = YES;
				GCC_WARN_UNINITIALIZED_AUTOS = YES_AGGRESSIVE;
				GCC_WARN_UNUSED_FUNCTION = YES;
				GCC_WARN_UNUSED_VARIABLE = YES;
				IPHONEOS_DEPLOYMENT_TARGET = 8.0;
				MTL_ENABLE_DEBUG_INFO = YES;
				ONLY_ACTIVE_ARCH = YES;
				SDKROOT = iphoneos;
				SWIFT_OPTIMIZATION_LEVEL = "-Onone";
			};
			name = Debug;
		};
		59F23E9A19CFDB25000A1DEC /* Release */ = {
			isa = XCBuildConfiguration;
			buildSettings = {
				ALWAYS_SEARCH_USER_PATHS = NO;
				CLANG_CXX_LANGUAGE_STANDARD = "gnu++0x";
				CLANG_CXX_LIBRARY = "libc++";
				CLANG_ENABLE_MODULES = YES;
				CLANG_ENABLE_OBJC_ARC = YES;
				CLANG_WARN_BOOL_CONVERSION = YES;
				CLANG_WARN_CONSTANT_CONVERSION = YES;
				CLANG_WARN_DIRECT_OBJC_ISA_USAGE = YES_ERROR;
				CLANG_WARN_EMPTY_BODY = YES;
				CLANG_WARN_ENUM_CONVERSION = YES;
				CLANG_WARN_INT_CONVERSION = YES;
				CLANG_WARN_OBJC_ROOT_CLASS = YES_ERROR;
				CLANG_WARN_UNREACHABLE_CODE = YES;
				CLANG_WARN__DUPLICATE_METHOD_MATCH = YES;
				"CODE_SIGN_IDENTITY[sdk=iphoneos*]" = "iPhone Developer";
				COPY_PHASE_STRIP = YES;
				ENABLE_NS_ASSERTIONS = NO;
				ENABLE_STRICT_OBJC_MSGSEND = YES;
				GCC_C_LANGUAGE_STANDARD = gnu99;
				GCC_WARN_64_TO_32_BIT_CONVERSION = YES;
				GCC_WARN_ABOUT_RETURN_TYPE = YES_ERROR;
				GCC_WARN_UNDECLARED_SELECTOR = YES;
				GCC_WARN_UNINITIALIZED_AUTOS = YES_AGGRESSIVE;
				GCC_WARN_UNUSED_FUNCTION = YES;
				GCC_WARN_UNUSED_VARIABLE = YES;
				IPHONEOS_DEPLOYMENT_TARGET = 8.0;
				MTL_ENABLE_DEBUG_INFO = NO;
				SDKROOT = iphoneos;
				VALIDATE_PRODUCT = YES;
			};
			name = Release;
		};
		59F23E9C19CFDB25000A1DEC /* Debug */ = {
			isa = XCBuildConfiguration;
			buildSettings = {
				ASSETCATALOG_COMPILER_APPICON_NAME = AppIcon;
				INFOPLIST_FILE = 99Balloons/Info.plist;
				LD_RUNPATH_SEARCH_PATHS = "$(inherited) @executable_path/Frameworks";
				PRODUCT_NAME = "$(TARGET_NAME)";
			};
			name = Debug;
		};
		59F23E9D19CFDB25000A1DEC /* Release */ = {
			isa = XCBuildConfiguration;
			buildSettings = {
				ASSETCATALOG_COMPILER_APPICON_NAME = AppIcon;
				INFOPLIST_FILE = 99Balloons/Info.plist;
				LD_RUNPATH_SEARCH_PATHS = "$(inherited) @executable_path/Frameworks";
				PRODUCT_NAME = "$(TARGET_NAME)";
			};
			name = Release;
		};
		59F23E9F19CFDB25000A1DEC /* Debug */ = {
			isa = XCBuildConfiguration;
			buildSettings = {
				BUNDLE_LOADER = "$(TEST_HOST)";
				FRAMEWORK_SEARCH_PATHS = (
					"$(SDKROOT)/Developer/Library/Frameworks",
					"$(inherited)",
				);
				GCC_PREPROCESSOR_DEFINITIONS = (
					"DEBUG=1",
					"$(inherited)",
				);
				INFOPLIST_FILE = 99BalloonsTests/Info.plist;
				LD_RUNPATH_SEARCH_PATHS = "$(inherited) @executable_path/Frameworks @loader_path/Frameworks";
				PRODUCT_NAME = "$(TARGET_NAME)";
				TEST_HOST = "$(BUILT_PRODUCTS_DIR)/99Balloons.app/99Balloons";
			};
			name = Debug;
		};
		59F23EA019CFDB25000A1DEC /* Release */ = {
			isa = XCBuildConfiguration;
			buildSettings = {
				BUNDLE_LOADER = "$(TEST_HOST)";
				FRAMEWORK_SEARCH_PATHS = (
					"$(SDKROOT)/Developer/Library/Frameworks",
					"$(inherited)",
				);
				INFOPLIST_FILE = 99BalloonsTests/Info.plist;
				LD_RUNPATH_SEARCH_PATHS = "$(inherited) @executable_path/Frameworks @loader_path/Frameworks";
				PRODUCT_NAME = "$(TARGET_NAME)";
				TEST_HOST = "$(BUILT_PRODUCTS_DIR)/99Balloons.app/99Balloons";
			};
			name = Release;
		};
/* End XCBuildConfiguration section */

/* Begin XCConfigurationList section */
		59F23E7719CFDB25000A1DEC /* Build configuration list for PBXProject "99Balloons" */ = {
			isa = XCConfigurationList;
			buildConfigurations = (
				59F23E9919CFDB25000A1DEC /* Debug */,
				59F23E9A19CFDB25000A1DEC /* Release */,
			);
			defaultConfigurationIsVisible = 0;
			defaultConfigurationName = Release;
		};
		59F23E9B19CFDB25000A1DEC /* Build configuration list for PBXNativeTarget "99Balloons" */ = {
			isa = XCConfigurationList;
			buildConfigurations = (
				59F23E9C19CFDB25000A1DEC /* Debug */,
				59F23E9D19CFDB25000A1DEC /* Release */,
			);
			defaultConfigurationIsVisible = 0;
		};
		59F23E9E19CFDB25000A1DEC /* Build configuration list for PBXNativeTarget "99BalloonsTests" */ = {
			isa = XCConfigurationList;
			buildConfigurations = (
				59F23E9F19CFDB25000A1DEC /* Debug */,
				59F23EA019CFDB25000A1DEC /* Release */,
			);
			defaultConfigurationIsVisible = 0;
		};
/* End XCConfigurationList section */
	};
	rootObject = 59F23E7419CFDB25000A1DEC /* Project object */;
}
